
Microsoft Visual Studio Solution File, Format Version 12.00
# Visual Studio 15
VisualStudioVersion = 15.0.27703.2035
MinimumVisualStudioVersion = 10.0.40219.1
Project("{FAE04EC0-301F-11D3-BF4B-00C04F79EFBC}") = "SammysAuto", "SammysAuto\SammysAuto.csproj", "{F8BC75E9-99FC-4E82-9444-C50FCEC169FB}"
EndProject
Global
	GlobalSection(SolutionConfigurationPlatforms) = preSolution
		Debug|Any CPU = Debug|Any CPU
		Release|Any CPU = Release|Any CPU
	EndGlobalSection
	GlobalSection(ProjectConfigurationPlatforms) = postSolution
		{F8BC75E9-99FC-4E82-9444-C50FCEC169FB}.Debug|Any CPU.ActiveCfg = Debug|Any CPU
		{F8BC75E9-99FC-4E82-9444-C50FCEC169FB}.Debug|Any CPU.Build.0 = Debug|Any CPU
		{F8BC75E9-99FC-4E82-9444-C50FCEC169FB}.Release|Any CPU.ActiveCfg = Release|Any CPU
		{F8BC75E9-99FC-4E82-9444-C50FCEC169FB}.Release|Any CPU.Build.0 = Release|Any CPU
	EndGlobalSection
	GlobalSection(SolutionProperties) = preSolution
		HideSolutionNode = FALSE
	EndGlobalSection
	GlobalSection(ExtensibilityGlobals) = postSolution
		SolutionGuid = {E3158A0D-D552-4393-8F80-99CA705B2718}
	EndGlobalSection
EndGlobal
